// !$*UTF8*$!
{
	archiveVersion = 1;
	classes = {
	};
	objectVersion = 50;
	objects = {

/* Begin PBXBuildFile section */
		353AD7F6229515B70063596E /* Extensions.swift in Sources */ = {isa = PBXBuildFile; fileRef = 353AD7F5229515B70063596E /* Extensions.swift */; };
		353AD7F822952D420063596E /* ChatLogVC.swift in Sources */ = {isa = PBXBuildFile; fileRef = 353AD7F722952D420063596E /* ChatLogVC.swift */; };
		353AD7FA229797EA0063596E /* userCellClass.swift in Sources */ = {isa = PBXBuildFile; fileRef = 353AD7F9229797EA0063596E /* userCellClass.swift */; };
		3560D84A22868EC3003C12E0 /* ViewController.swift in Sources */ = {isa = PBXBuildFile; fileRef = 3560D84922868EC3003C12E0 /* ViewController.swift */; };
		3560D84F2286ACD7003C12E0 /* Sensei.jpg in Resources */ = {isa = PBXBuildFile; fileRef = 3560D84E2286ACD7003C12E0 /* Sensei.jpg */; };
		3560D85122888AF1003C12E0 /* MainTabController.swift in Sources */ = {isa = PBXBuildFile; fileRef = 3560D85022888AF1003C12E0 /* MainTabController.swift */; };
		3560D8532288907F003C12E0 /* tab1.swift in Sources */ = {isa = PBXBuildFile; fileRef = 3560D8522288907F003C12E0 /* tab1.swift */; };
		3560D85522889089003C12E0 /* tab2.swift in Sources */ = {isa = PBXBuildFile; fileRef = 3560D85422889089003C12E0 /* tab2.swift */; };
		3560D8572288943D003C12E0 /* LoginVC.swift in Sources */ = {isa = PBXBuildFile; fileRef = 3560D8562288943D003C12E0 /* LoginVC.swift */; };
		3560D8592289030C003C12E0 /* SettingsVC.swift in Sources */ = {isa = PBXBuildFile; fileRef = 3560D8582289030C003C12E0 /* SettingsVC.swift */; };
		3560D85B22890C24003C12E0 /* InfoVC.swift in Sources */ = {isa = PBXBuildFile; fileRef = 3560D85A22890C24003C12E0 /* InfoVC.swift */; };
		3560D85D228934F1003C12E0 /* user-silhouette.png in Resources */ = {isa = PBXBuildFile; fileRef = 3560D85C228934F1003C12E0 /* user-silhouette.png */; };
		357D4138228E6CB700EEEFE6 /* LoginHandlers.swift in Sources */ = {isa = PBXBuildFile; fileRef = 357D4137228E6CB700EEEFE6 /* LoginHandlers.swift */; };
		357D9ACD22AC2F9D005C4220 /* tutorCellClass.swift in Sources */ = {isa = PBXBuildFile; fileRef = 357D9ACC22AC2F9D005C4220 /* tutorCellClass.swift */; };
		357D9ACF22AC316C005C4220 /* TutorInfoVC.swift in Sources */ = {isa = PBXBuildFile; fileRef = 357D9ACE22AC316C005C4220 /* TutorInfoVC.swift */; };
		357D9AD122ACA57E005C4220 /* TutorsVC.swift in Sources */ = {isa = PBXBuildFile; fileRef = 357D9AD022ACA57E005C4220 /* TutorsVC.swift */; };
		357D9AD722ACBC15005C4220 /* TutorInfoCell.swift in Sources */ = {isa = PBXBuildFile; fileRef = 357D9AD622ACBC15005C4220 /* TutorInfoCell.swift */; };
		35900FAA22893FF500D796D3 /* Tutors.swift in Sources */ = {isa = PBXBuildFile; fileRef = 35900FA922893FF500D796D3 /* Tutors.swift */; };
		35900FAC2289401B00D796D3 /* tab3.swift in Sources */ = {isa = PBXBuildFile; fileRef = 35900FAB2289401B00D796D3 /* tab3.swift */; };
		35900FAE2289402200D796D3 /* tab4.swift in Sources */ = {isa = PBXBuildFile; fileRef = 35900FAD2289402200D796D3 /* tab4.swift */; };
		35900FB02289405500D796D3 /* Profile.swift in Sources */ = {isa = PBXBuildFile; fileRef = 35900FAF2289405500D796D3 /* Profile.swift */; };
		35900FB22289409000D796D3 /* MessagesVC.swift in Sources */ = {isa = PBXBuildFile; fileRef = 35900FB12289409000D796D3 /* MessagesVC.swift */; };
		35900FB4228940AC00D796D3 /* SearchVC.swift in Sources */ = {isa = PBXBuildFile; fileRef = 35900FB3228940AC00D796D3 /* SearchVC.swift */; };
		35B33D20229CA5AC00B207F4 /* LoadingIndicator.swift in Sources */ = {isa = PBXBuildFile; fileRef = 35B33D1F229CA5AC00B207F4 /* LoadingIndicator.swift */; };
		35B597C7229F8E2000730535 /* EditProfileVC.swift in Sources */ = {isa = PBXBuildFile; fileRef = 35B597C6229F8E2000730535 /* EditProfileVC.swift */; };
		35B597C922A22F4D00730535 /* RegisterTutorVC.swift in Sources */ = {isa = PBXBuildFile; fileRef = 35B597C822A22F4D00730535 /* RegisterTutorVC.swift */; };
		35B597CB22A4577E00730535 /* NewChatVC.swift in Sources */ = {isa = PBXBuildFile; fileRef = 35B597CA22A4577E00730535 /* NewChatVC.swift */; };
		35B597CD22A48B6A00730535 /* Course.swift in Sources */ = {isa = PBXBuildFile; fileRef = 35B597CC22A48B6A00730535 /* Course.swift */; };
		35B597CF22A4F2CB00730535 /* ChatMessageCell.swift in Sources */ = {isa = PBXBuildFile; fileRef = 35B597CE22A4F2CB00730535 /* ChatMessageCell.swift */; };
		35B597D122AA22DA00730535 /* Session.swift in Sources */ = {isa = PBXBuildFile; fileRef = 35B597D022AA22DA00730535 /* Session.swift */; };
		35BA1DC82299B79C00F0ADE3 /* ProfileVC.swift in Sources */ = {isa = PBXBuildFile; fileRef = 35BA1DC72299B79C00F0ADE3 /* ProfileVC.swift */; };
		35C1C79F228BB7EE0060AAA3 /* Message.swift in Sources */ = {isa = PBXBuildFile; fileRef = 35C1C79E228BB7EE0060AAA3 /* Message.swift */; };
		35C1C7A1228E24390060AAA3 /* User.swift in Sources */ = {isa = PBXBuildFile; fileRef = 35C1C7A0228E24390060AAA3 /* User.swift */; };
		35D2995A22855346005DF851 /* AppDelegate.swift in Sources */ = {isa = PBXBuildFile; fileRef = 35D2995922855346005DF851 /* AppDelegate.swift */; };
		35D2996222855346005DF851 /* LearnLab.xcdatamodeld in Sources */ = {isa = PBXBuildFile; fileRef = 35D2996022855346005DF851 /* LearnLab.xcdatamodeld */; };
		35D2996422855348005DF851 /* Assets.xcassets in Resources */ = {isa = PBXBuildFile; fileRef = 35D2996322855348005DF851 /* Assets.xcassets */; };
		35D2996722855348005DF851 /* LaunchScreen.storyboard in Resources */ = {isa = PBXBuildFile; fileRef = 35D2996522855348005DF851 /* LaunchScreen.storyboard */; };
		35D2997222855348005DF851 /* LearnLabTests.swift in Sources */ = {isa = PBXBuildFile; fileRef = 35D2997122855348005DF851 /* LearnLabTests.swift */; };
		35D2997D22855348005DF851 /* LearnLabUITests.swift in Sources */ = {isa = PBXBuildFile; fileRef = 35D2997C22855348005DF851 /* LearnLabUITests.swift */; };
		35D2998B228553AE005DF851 /* GoogleService-Info.plist in Resources */ = {isa = PBXBuildFile; fileRef = 35D2998A228553AD005DF851 /* GoogleService-Info.plist */; };
		9677D18FD9EDFC31CAA1360A /* Pods_LearnLabUITests.framework in Frameworks */ = {isa = PBXBuildFile; fileRef = FE3E4DD10AB82225169F1A1F /* Pods_LearnLabUITests.framework */; };
		C2CDE772F99898795035354E /* Pods_LearnLab.framework in Frameworks */ = {isa = PBXBuildFile; fileRef = 7C8E90FDCFFF0E77489D3868 /* Pods_LearnLab.framework */; };
		E4FF7B58C16BC5819C33BBAE /* Pods_LearnLabTests.framework in Frameworks */ = {isa = PBXBuildFile; fileRef = B1ECDA047E08341B8D7CF6AC /* Pods_LearnLabTests.framework */; };
/* End PBXBuildFile section */

/* Begin PBXContainerItemProxy section */
		35D2996E22855348005DF851 /* PBXContainerItemProxy */ = {
			isa = PBXContainerItemProxy;
			containerPortal = 35D2994E22855346005DF851 /* Project object */;
			proxyType = 1;
			remoteGlobalIDString = 35D2995522855346005DF851;
			remoteInfo = LearnLab;
		};
		35D2997922855348005DF851 /* PBXContainerItemProxy */ = {
			isa = PBXContainerItemProxy;
			containerPortal = 35D2994E22855346005DF851 /* Project object */;
			proxyType = 1;
			remoteGlobalIDString = 35D2995522855346005DF851;
			remoteInfo = LearnLab;
		};
/* End PBXContainerItemProxy section */

/* Begin PBXFileReference section */
		0AE6AF16688589330F827671 /* Pods-LearnLab.debug.xcconfig */ = {isa = PBXFileReference; includeInIndex = 1; lastKnownFileType = text.xcconfig; name = "Pods-LearnLab.debug.xcconfig"; path = "Pods/Target Support Files/Pods-LearnLab/Pods-LearnLab.debug.xcconfig"; sourceTree = "<group>"; };
		353AD7F5229515B70063596E /* Extensions.swift */ = {isa = PBXFileReference; lastKnownFileType = sourcecode.swift; path = Extensions.swift; sourceTree = "<group>"; };
		353AD7F722952D420063596E /* ChatLogVC.swift */ = {isa = PBXFileReference; lastKnownFileType = sourcecode.swift; path = ChatLogVC.swift; sourceTree = "<group>"; };
		353AD7F9229797EA0063596E /* userCellClass.swift */ = {isa = PBXFileReference; lastKnownFileType = sourcecode.swift; path = userCellClass.swift; sourceTree = "<group>"; };
		3560D84922868EC3003C12E0 /* ViewController.swift */ = {isa = PBXFileReference; lastKnownFileType = sourcecode.swift; path = ViewController.swift; sourceTree = "<group>"; };
		3560D84E2286ACD7003C12E0 /* Sensei.jpg */ = {isa = PBXFileReference; lastKnownFileType = image.jpeg; path = Sensei.jpg; sourceTree = "<group>"; };
		3560D85022888AF1003C12E0 /* MainTabController.swift */ = {isa = PBXFileReference; lastKnownFileType = sourcecode.swift; path = MainTabController.swift; sourceTree = "<group>"; };
		3560D8522288907F003C12E0 /* tab1.swift */ = {isa = PBXFileReference; lastKnownFileType = sourcecode.swift; path = tab1.swift; sourceTree = "<group>"; };
		3560D85422889089003C12E0 /* tab2.swift */ = {isa = PBXFileReference; lastKnownFileType = sourcecode.swift; path = tab2.swift; sourceTree = "<group>"; };
		3560D8562288943D003C12E0 /* LoginVC.swift */ = {isa = PBXFileReference; lastKnownFileType = sourcecode.swift; path = LoginVC.swift; sourceTree = "<group>"; };
		3560D8582289030C003C12E0 /* SettingsVC.swift */ = {isa = PBXFileReference; lastKnownFileType = sourcecode.swift; path = SettingsVC.swift; sourceTree = "<group>"; };
		3560D85A22890C24003C12E0 /* InfoVC.swift */ = {isa = PBXFileReference; lastKnownFileType = sourcecode.swift; path = InfoVC.swift; sourceTree = "<group>"; };
		3560D85C228934F1003C12E0 /* user-silhouette.png */ = {isa = PBXFileReference; lastKnownFileType = image.png; path = "user-silhouette.png"; sourceTree = "<group>"; };
		357D4137228E6CB700EEEFE6 /* LoginHandlers.swift */ = {isa = PBXFileReference; lastKnownFileType = sourcecode.swift; path = LoginHandlers.swift; sourceTree = "<group>"; };
		357D9ACC22AC2F9D005C4220 /* tutorCellClass.swift */ = {isa = PBXFileReference; lastKnownFileType = sourcecode.swift; path = tutorCellClass.swift; sourceTree = "<group>"; };
		357D9ACE22AC316C005C4220 /* TutorInfoVC.swift */ = {isa = PBXFileReference; lastKnownFileType = sourcecode.swift; path = TutorInfoVC.swift; sourceTree = "<group>"; };
		357D9AD022ACA57E005C4220 /* TutorsVC.swift */ = {isa = PBXFileReference; lastKnownFileType = sourcecode.swift; path = TutorsVC.swift; sourceTree = "<group>"; };
		357D9AD622ACBC15005C4220 /* TutorInfoCell.swift */ = {isa = PBXFileReference; lastKnownFileType = sourcecode.swift; path = TutorInfoCell.swift; sourceTree = "<group>"; };
		35900FA922893FF500D796D3 /* Tutors.swift */ = {isa = PBXFileReference; lastKnownFileType = sourcecode.swift; path = Tutors.swift; sourceTree = "<group>"; };
		35900FAB2289401B00D796D3 /* tab3.swift */ = {isa = PBXFileReference; lastKnownFileType = sourcecode.swift; path = tab3.swift; sourceTree = "<group>"; };
		35900FAD2289402200D796D3 /* tab4.swift */ = {isa = PBXFileReference; lastKnownFileType = sourcecode.swift; path = tab4.swift; sourceTree = "<group>"; };
		35900FAF2289405500D796D3 /* Profile.swift */ = {isa = PBXFileReference; lastKnownFileType = sourcecode.swift; path = Profile.swift; sourceTree = "<group>"; };
		35900FB12289409000D796D3 /* MessagesVC.swift */ = {isa = PBXFileReference; lastKnownFileType = sourcecode.swift; path = MessagesVC.swift; sourceTree = "<group>"; };
		35900FB3228940AC00D796D3 /* SearchVC.swift */ = {isa = PBXFileReference; lastKnownFileType = sourcecode.swift; path = SearchVC.swift; sourceTree = "<group>"; };
		35B33D1F229CA5AC00B207F4 /* LoadingIndicator.swift */ = {isa = PBXFileReference; lastKnownFileType = sourcecode.swift; path = LoadingIndicator.swift; sourceTree = "<group>"; };
		35B597C6229F8E2000730535 /* EditProfileVC.swift */ = {isa = PBXFileReference; lastKnownFileType = sourcecode.swift; path = EditProfileVC.swift; sourceTree = "<group>"; };
		35B597C822A22F4D00730535 /* RegisterTutorVC.swift */ = {isa = PBXFileReference; lastKnownFileType = sourcecode.swift; path = RegisterTutorVC.swift; sourceTree = "<group>"; };
		35B597CA22A4577E00730535 /* NewChatVC.swift */ = {isa = PBXFileReference; lastKnownFileType = sourcecode.swift; path = NewChatVC.swift; sourceTree = "<group>"; };
		35B597CC22A48B6A00730535 /* Course.swift */ = {isa = PBXFileReference; lastKnownFileType = sourcecode.swift; path = Course.swift; sourceTree = "<group>"; };
		35B597CE22A4F2CB00730535 /* ChatMessageCell.swift */ = {isa = PBXFileReference; lastKnownFileType = sourcecode.swift; path = ChatMessageCell.swift; sourceTree = "<group>"; };
		35B597D022AA22DA00730535 /* Session.swift */ = {isa = PBXFileReference; lastKnownFileType = sourcecode.swift; path = Session.swift; sourceTree = "<group>"; };
		35BA1DC72299B79C00F0ADE3 /* ProfileVC.swift */ = {isa = PBXFileReference; lastKnownFileType = sourcecode.swift; path = ProfileVC.swift; sourceTree = "<group>"; };
		35C1C79E228BB7EE0060AAA3 /* Message.swift */ = {isa = PBXFileReference; lastKnownFileType = sourcecode.swift; path = Message.swift; sourceTree = "<group>"; };
		35C1C7A0228E24390060AAA3 /* User.swift */ = {isa = PBXFileReference; lastKnownFileType = sourcecode.swift; path = User.swift; sourceTree = "<group>"; };
		35D2995622855346005DF851 /* LearnLab.app */ = {isa = PBXFileReference; explicitFileType = wrapper.application; includeInIndex = 0; path = LearnLab.app; sourceTree = BUILT_PRODUCTS_DIR; };
		35D2995922855346005DF851 /* AppDelegate.swift */ = {isa = PBXFileReference; lastKnownFileType = sourcecode.swift; path = AppDelegate.swift; sourceTree = "<group>"; };
		35D2996122855346005DF851 /* LearnLab.xcdatamodel */ = {isa = PBXFileReference; lastKnownFileType = wrapper.xcdatamodel; path = LearnLab.xcdatamodel; sourceTree = "<group>"; };
		35D2996322855348005DF851 /* Assets.xcassets */ = {isa = PBXFileReference; lastKnownFileType = folder.assetcatalog; path = Assets.xcassets; sourceTree = "<group>"; };
		35D2996622855348005DF851 /* Base */ = {isa = PBXFileReference; lastKnownFileType = file.storyboard; name = Base; path = Base.lproj/LaunchScreen.storyboard; sourceTree = "<group>"; };
		35D2996822855348005DF851 /* Info.plist */ = {isa = PBXFileReference; lastKnownFileType = text.plist.xml; path = Info.plist; sourceTree = "<group>"; };
		35D2996D22855348005DF851 /* LearnLabTests.xctest */ = {isa = PBXFileReference; explicitFileType = wrapper.cfbundle; includeInIndex = 0; path = LearnLabTests.xctest; sourceTree = BUILT_PRODUCTS_DIR; };
		35D2997122855348005DF851 /* LearnLabTests.swift */ = {isa = PBXFileReference; lastKnownFileType = sourcecode.swift; path = LearnLabTests.swift; sourceTree = "<group>"; };
		35D2997322855348005DF851 /* Info.plist */ = {isa = PBXFileReference; lastKnownFileType = text.plist.xml; path = Info.plist; sourceTree = "<group>"; };
		35D2997822855348005DF851 /* LearnLabUITests.xctest */ = {isa = PBXFileReference; explicitFileType = wrapper.cfbundle; includeInIndex = 0; path = LearnLabUITests.xctest; sourceTree = BUILT_PRODUCTS_DIR; };
		35D2997C22855348005DF851 /* LearnLabUITests.swift */ = {isa = PBXFileReference; lastKnownFileType = sourcecode.swift; path = LearnLabUITests.swift; sourceTree = "<group>"; };
		35D2997E22855348005DF851 /* Info.plist */ = {isa = PBXFileReference; lastKnownFileType = text.plist.xml; path = Info.plist; sourceTree = "<group>"; };
		35D2998A228553AD005DF851 /* GoogleService-Info.plist */ = {isa = PBXFileReference; fileEncoding = 4; lastKnownFileType = text.plist.xml; path = "GoogleService-Info.plist"; sourceTree = "<group>"; };
		5769EABF3F2D194BC90FFF71 /* Pods-LearnLabUITests.debug.xcconfig */ = {isa = PBXFileReference; includeInIndex = 1; lastKnownFileType = text.xcconfig; name = "Pods-LearnLabUITests.debug.xcconfig"; path = "Pods/Target Support Files/Pods-LearnLabUITests/Pods-LearnLabUITests.debug.xcconfig"; sourceTree = "<group>"; };
		5E1D4472DAB617BDB34F7682 /* Pods-LearnLabTests.debug.xcconfig */ = {isa = PBXFileReference; includeInIndex = 1; lastKnownFileType = text.xcconfig; name = "Pods-LearnLabTests.debug.xcconfig"; path = "Pods/Target Support Files/Pods-LearnLabTests/Pods-LearnLabTests.debug.xcconfig"; sourceTree = "<group>"; };
		5EC4C1CD0F404790041055F1 /* Pods-LearnLabUITests.release.xcconfig */ = {isa = PBXFileReference; includeInIndex = 1; lastKnownFileType = text.xcconfig; name = "Pods-LearnLabUITests.release.xcconfig"; path = "Pods/Target Support Files/Pods-LearnLabUITests/Pods-LearnLabUITests.release.xcconfig"; sourceTree = "<group>"; };
		639ABDF1604B21E6C1B3DB73 /* Pods-LearnLab.release.xcconfig */ = {isa = PBXFileReference; includeInIndex = 1; lastKnownFileType = text.xcconfig; name = "Pods-LearnLab.release.xcconfig"; path = "Pods/Target Support Files/Pods-LearnLab/Pods-LearnLab.release.xcconfig"; sourceTree = "<group>"; };
		7C8E90FDCFFF0E77489D3868 /* Pods_LearnLab.framework */ = {isa = PBXFileReference; explicitFileType = wrapper.framework; includeInIndex = 0; path = Pods_LearnLab.framework; sourceTree = BUILT_PRODUCTS_DIR; };
		B1ECDA047E08341B8D7CF6AC /* Pods_LearnLabTests.framework */ = {isa = PBXFileReference; explicitFileType = wrapper.framework; includeInIndex = 0; path = Pods_LearnLabTests.framework; sourceTree = BUILT_PRODUCTS_DIR; };
		BBE02C2A4647050CECDDE06B /* Pods-LearnLabTests.release.xcconfig */ = {isa = PBXFileReference; includeInIndex = 1; lastKnownFileType = text.xcconfig; name = "Pods-LearnLabTests.release.xcconfig"; path = "Pods/Target Support Files/Pods-LearnLabTests/Pods-LearnLabTests.release.xcconfig"; sourceTree = "<group>"; };
		FE3E4DD10AB82225169F1A1F /* Pods_LearnLabUITests.framework */ = {isa = PBXFileReference; explicitFileType = wrapper.framework; includeInIndex = 0; path = Pods_LearnLabUITests.framework; sourceTree = BUILT_PRODUCTS_DIR; };
/* End PBXFileReference section */

/* Begin PBXFrameworksBuildPhase section */
		35D2995322855346005DF851 /* Frameworks */ = {
			isa = PBXFrameworksBuildPhase;
			buildActionMask = 2147483647;
			files = (
				C2CDE772F99898795035354E /* Pods_LearnLab.framework in Frameworks */,
			);
			runOnlyForDeploymentPostprocessing = 0;
		};
		35D2996A22855348005DF851 /* Frameworks */ = {
			isa = PBXFrameworksBuildPhase;
			buildActionMask = 2147483647;
			files = (
				E4FF7B58C16BC5819C33BBAE /* Pods_LearnLabTests.framework in Frameworks */,
			);
			runOnlyForDeploymentPostprocessing = 0;
		};
		35D2997522855348005DF851 /* Frameworks */ = {
			isa = PBXFrameworksBuildPhase;
			buildActionMask = 2147483647;
			files = (
				9677D18FD9EDFC31CAA1360A /* Pods_LearnLabUITests.framework in Frameworks */,
			);
			runOnlyForDeploymentPostprocessing = 0;
		};
/* End PBXFrameworksBuildPhase section */

/* Begin PBXGroup section */
		17B8B8324E96A47C14D7F8D8 /* Frameworks */ = {
			isa = PBXGroup;
			children = (
				7C8E90FDCFFF0E77489D3868 /* Pods_LearnLab.framework */,
				B1ECDA047E08341B8D7CF6AC /* Pods_LearnLabTests.framework */,
				FE3E4DD10AB82225169F1A1F /* Pods_LearnLabUITests.framework */,
			);
			name = Frameworks;
			sourceTree = "<group>";
		};
		1CD5EFCA15A999EFC6792ACB /* Pods */ = {
			isa = PBXGroup;
			children = (
				0AE6AF16688589330F827671 /* Pods-LearnLab.debug.xcconfig */,
				639ABDF1604B21E6C1B3DB73 /* Pods-LearnLab.release.xcconfig */,
				5E1D4472DAB617BDB34F7682 /* Pods-LearnLabTests.debug.xcconfig */,
				BBE02C2A4647050CECDDE06B /* Pods-LearnLabTests.release.xcconfig */,
				5769EABF3F2D194BC90FFF71 /* Pods-LearnLabUITests.debug.xcconfig */,
				5EC4C1CD0F404790041055F1 /* Pods-LearnLabUITests.release.xcconfig */,
			);
			name = Pods;
			sourceTree = "<group>";
		};
		353AD7F4229515A70063596E /* Helpers */ = {
			isa = PBXGroup;
			children = (
				353AD7F5229515B70063596E /* Extensions.swift */,
				357D4137228E6CB700EEEFE6 /* LoginHandlers.swift */,
				35B33D1F229CA5AC00B207F4 /* LoadingIndicator.swift */,
			);
			path = Helpers;
			sourceTree = "<group>";
		};
		3560D84D2286ACB6003C12E0 /* Images */ = {
			isa = PBXGroup;
			children = (
				3560D85C228934F1003C12E0 /* user-silhouette.png */,
				3560D84E2286ACD7003C12E0 /* Sensei.jpg */,
			);
			path = Images;
			sourceTree = "<group>";
		};
		357D9AD822ACD681005C4220 /* Tutor Registration */ = {
			isa = PBXGroup;
			children = (
			);
			path = "Tutor Registration";
			sourceTree = "<group>";
		};
		35B33D21229CA97E00B207F4 /* Tabs */ = {
			isa = PBXGroup;
			children = (
				3560D85022888AF1003C12E0 /* MainTabController.swift */,
				3560D8522288907F003C12E0 /* tab1.swift */,
				3560D85422889089003C12E0 /* tab2.swift */,
				35900FAB2289401B00D796D3 /* tab3.swift */,
				35900FAD2289402200D796D3 /* tab4.swift */,
			);
			path = Tabs;
			sourceTree = "<group>";
		};
		35B33D22229CA9B300B207F4 /* ViewControllers */ = {
			isa = PBXGroup;
			children = (
				35900FA922893FF500D796D3 /* Tutors.swift */,
				357D9AD022ACA57E005C4220 /* TutorsVC.swift */,
				357D9ACE22AC316C005C4220 /* TutorInfoVC.swift */,
				3560D8562288943D003C12E0 /* LoginVC.swift */,
				3560D85A22890C24003C12E0 /* InfoVC.swift */,
				35900FB12289409000D796D3 /* MessagesVC.swift */,
				35B597CA22A4577E00730535 /* NewChatVC.swift */,
				353AD7F722952D420063596E /* ChatLogVC.swift */,
				35900FB3228940AC00D796D3 /* SearchVC.swift */,
				35BA1DC72299B79C00F0ADE3 /* ProfileVC.swift */,
				35B597C822A22F4D00730535 /* RegisterTutorVC.swift */,
				35B597C6229F8E2000730535 /* EditProfileVC.swift */,
			);
			path = ViewControllers;
			sourceTree = "<group>";
		};
		35C1C799228B7B2F0060AAA3 /* Models - Chat */ = {
			isa = PBXGroup;
			children = (
				35C1C79E228BB7EE0060AAA3 /* Message.swift */,
				35C1C7A0228E24390060AAA3 /* User.swift */,
				353AD7F9229797EA0063596E /* userCellClass.swift */,
				357D9ACC22AC2F9D005C4220 /* tutorCellClass.swift */,
				357D9AD622ACBC15005C4220 /* TutorInfoCell.swift */,
				35B597CC22A48B6A00730535 /* Course.swift */,
				35B597CE22A4F2CB00730535 /* ChatMessageCell.swift */,
				35B597D022AA22DA00730535 /* Session.swift */,
			);
			path = "Models - Chat";
			sourceTree = "<group>";
		};
		35D2994D22855346005DF851 = {
			isa = PBXGroup;
			children = (
				353AD7F4229515A70063596E /* Helpers */,
				3560D84D2286ACB6003C12E0 /* Images */,
				35D2995822855346005DF851 /* LearnLab */,
				35D2997022855348005DF851 /* LearnLabTests */,
				35D2997B22855348005DF851 /* LearnLabUITests */,
				35D2995722855346005DF851 /* Products */,
				1CD5EFCA15A999EFC6792ACB /* Pods */,
				17B8B8324E96A47C14D7F8D8 /* Frameworks */,
			);
			sourceTree = "<group>";
		};
		35D2995722855346005DF851 /* Products */ = {
			isa = PBXGroup;
			children = (
				35D2995622855346005DF851 /* LearnLab.app */,
				35D2996D22855348005DF851 /* LearnLabTests.xctest */,
				35D2997822855348005DF851 /* LearnLabUITests.xctest */,
			);
			name = Products;
			sourceTree = "<group>";
		};
		35D2995822855346005DF851 /* LearnLab */ = {
			isa = PBXGroup;
			children = (
				357D9AD822ACD681005C4220 /* Tutor Registration */,
				35D2998A228553AD005DF851 /* GoogleService-Info.plist */,
				35D2995922855346005DF851 /* AppDelegate.swift */,
				3560D84922868EC3003C12E0 /* ViewController.swift */,
				35B33D22229CA9B300B207F4 /* ViewControllers */,
				35B33D21229CA97E00B207F4 /* Tabs */,
				35C1C799228B7B2F0060AAA3 /* Models - Chat */,
				35900FAF2289405500D796D3 /* Profile.swift */,
				3560D8582289030C003C12E0 /* SettingsVC.swift */,
				35D2996322855348005DF851 /* Assets.xcassets */,
				35D2996522855348005DF851 /* LaunchScreen.storyboard */,
				35D2996822855348005DF851 /* Info.plist */,
				35D2996022855346005DF851 /* LearnLab.xcdatamodeld */,
			);
			path = LearnLab;
			sourceTree = "<group>";
		};
		35D2997022855348005DF851 /* LearnLabTests */ = {
			isa = PBXGroup;
			children = (
				35D2997122855348005DF851 /* LearnLabTests.swift */,
				35D2997322855348005DF851 /* Info.plist */,
			);
			path = LearnLabTests;
			sourceTree = "<group>";
		};
		35D2997B22855348005DF851 /* LearnLabUITests */ = {
			isa = PBXGroup;
			children = (
				35D2997C22855348005DF851 /* LearnLabUITests.swift */,
				35D2997E22855348005DF851 /* Info.plist */,
			);
			path = LearnLabUITests;
			sourceTree = "<group>";
		};
/* End PBXGroup section */

/* Begin PBXNativeTarget section */
		35D2995522855346005DF851 /* LearnLab */ = {
			isa = PBXNativeTarget;
			buildConfigurationList = 35D2998122855348005DF851 /* Build configuration list for PBXNativeTarget "LearnLab" */;
			buildPhases = (
				57B009775EF75C2812C27F7D /* [CP] Check Pods Manifest.lock */,
				35D2995222855346005DF851 /* Sources */,
				35D2995322855346005DF851 /* Frameworks */,
				35D2995422855346005DF851 /* Resources */,
				7B73BBECEA70F1FA6CB2D997 /* [CP] Embed Pods Frameworks */,
				5B6505110A6882A31FA43007 /* [CP] Copy Pods Resources */,
			);
			buildRules = (
			);
			dependencies = (
			);
			name = LearnLab;
			productName = LearnLab;
			productReference = 35D2995622855346005DF851 /* LearnLab.app */;
			productType = "com.apple.product-type.application";
		};
		35D2996C22855348005DF851 /* LearnLabTests */ = {
			isa = PBXNativeTarget;
			buildConfigurationList = 35D2998422855348005DF851 /* Build configuration list for PBXNativeTarget "LearnLabTests" */;
			buildPhases = (
				6E957A3DFF8CF450BC1B4AAC /* [CP] Check Pods Manifest.lock */,
				35D2996922855348005DF851 /* Sources */,
				35D2996A22855348005DF851 /* Frameworks */,
				35D2996B22855348005DF851 /* Resources */,
			);
			buildRules = (
			);
			dependencies = (
				35D2996F22855348005DF851 /* PBXTargetDependency */,
			);
			name = LearnLabTests;
			productName = LearnLabTests;
			productReference = 35D2996D22855348005DF851 /* LearnLabTests.xctest */;
			productType = "com.apple.product-type.bundle.unit-test";
		};
		35D2997722855348005DF851 /* LearnLabUITests */ = {
			isa = PBXNativeTarget;
			buildConfigurationList = 35D2998722855348005DF851 /* Build configuration list for PBXNativeTarget "LearnLabUITests" */;
			buildPhases = (
				8577C8D4F89E6490BC1B8FC9 /* [CP] Check Pods Manifest.lock */,
				35D2997422855348005DF851 /* Sources */,
				35D2997522855348005DF851 /* Frameworks */,
				35D2997622855348005DF851 /* Resources */,
			);
			buildRules = (
			);
			dependencies = (
				35D2997A22855348005DF851 /* PBXTargetDependency */,
			);
			name = LearnLabUITests;
			productName = LearnLabUITests;
			productReference = 35D2997822855348005DF851 /* LearnLabUITests.xctest */;
			productType = "com.apple.product-type.bundle.ui-testing";
		};
/* End PBXNativeTarget section */

/* Begin PBXProject section */
		35D2994E22855346005DF851 /* Project object */ = {
			isa = PBXProject;
			attributes = {
				LastSwiftUpdateCheck = 1010;
				LastUpgradeCheck = 1010;
				ORGANIZATIONNAME = "Siddharth Kucheria";
				TargetAttributes = {
					35D2995522855346005DF851 = {
						CreatedOnToolsVersion = 10.1;
					};
					35D2996C22855348005DF851 = {
						CreatedOnToolsVersion = 10.1;
						TestTargetID = 35D2995522855346005DF851;
					};
					35D2997722855348005DF851 = {
						CreatedOnToolsVersion = 10.1;
						TestTargetID = 35D2995522855346005DF851;
					};
				};
			};
			buildConfigurationList = 35D2995122855346005DF851 /* Build configuration list for PBXProject "LearnLab" */;
			compatibilityVersion = "Xcode 9.3";
			developmentRegion = en;
			hasScannedForEncodings = 0;
			knownRegions = (
				en,
				Base,
			);
			mainGroup = 35D2994D22855346005DF851;
			productRefGroup = 35D2995722855346005DF851 /* Products */;
			projectDirPath = "";
			projectRoot = "";
			targets = (
				35D2995522855346005DF851 /* LearnLab */,
				35D2996C22855348005DF851 /* LearnLabTests */,
				35D2997722855348005DF851 /* LearnLabUITests */,
			);
		};
/* End PBXProject section */

/* Begin PBXResourcesBuildPhase section */
		35D2995422855346005DF851 /* Resources */ = {
			isa = PBXResourcesBuildPhase;
			buildActionMask = 2147483647;
			files = (
				35D2996722855348005DF851 /* LaunchScreen.storyboard in Resources */,
				35D2998B228553AE005DF851 /* GoogleService-Info.plist in Resources */,
				3560D85D228934F1003C12E0 /* user-silhouette.png in Resources */,
				3560D84F2286ACD7003C12E0 /* Sensei.jpg in Resources */,
				35D2996422855348005DF851 /* Assets.xcassets in Resources */,
			);
			runOnlyForDeploymentPostprocessing = 0;
		};
		35D2996B22855348005DF851 /* Resources */ = {
			isa = PBXResourcesBuildPhase;
			buildActionMask = 2147483647;
			files = (
			);
			runOnlyForDeploymentPostprocessing = 0;
		};
		35D2997622855348005DF851 /* Resources */ = {
			isa = PBXResourcesBuildPhase;
			buildActionMask = 2147483647;
			files = (
			);
			runOnlyForDeploymentPostprocessing = 0;
		};
/* End PBXResourcesBuildPhase section */

/* Begin PBXShellScriptBuildPhase section */
		57B009775EF75C2812C27F7D /* [CP] Check Pods Manifest.lock */ = {
			isa = PBXShellScriptBuildPhase;
			buildActionMask = 2147483647;
			files = (
			);
			inputFileListPaths = (
			);
			inputPaths = (
				"${PODS_PODFILE_DIR_PATH}/Podfile.lock",
				"${PODS_ROOT}/Manifest.lock",
			);
			name = "[CP] Check Pods Manifest.lock";
			outputFileListPaths = (
			);
			outputPaths = (
				"$(DERIVED_FILE_DIR)/Pods-LearnLab-checkManifestLockResult.txt",
			);
			runOnlyForDeploymentPostprocessing = 0;
			shellPath = /bin/sh;
			shellScript = "diff \"${PODS_PODFILE_DIR_PATH}/Podfile.lock\" \"${PODS_ROOT}/Manifest.lock\" > /dev/null\nif [ $? != 0 ] ; then\n    # print error to STDERR\n    echo \"error: The sandbox is not in sync with the Podfile.lock. Run 'pod install' or update your CocoaPods installation.\" >&2\n    exit 1\nfi\n# This output is used by Xcode 'outputs' to avoid re-running this script phase.\necho \"SUCCESS\" > \"${SCRIPT_OUTPUT_FILE_0}\"\n";
			showEnvVarsInLog = 0;
		};
		5B6505110A6882A31FA43007 /* [CP] Copy Pods Resources */ = {
			isa = PBXShellScriptBuildPhase;
			buildActionMask = 2147483647;
			files = (
			);
			inputFileListPaths = (
			);
			inputPaths = (
				"${SRCROOT}/Pods/Target Support Files/Pods-LearnLab/Pods-LearnLab-resources.sh",
				"${PODS_CONFIGURATION_BUILD_DIR}/FirebaseUI/FirebaseAuthUI.bundle",
				"${PODS_CONFIGURATION_BUILD_DIR}/FirebaseUI/FirebaseGoogleAuthUI.bundle",
				"${PODS_ROOT}/GoogleSignIn/Resources/GoogleSignIn.bundle",
			);
			name = "[CP] Copy Pods Resources";
			outputFileListPaths = (
			);
			outputPaths = (
				"${TARGET_BUILD_DIR}/${UNLOCALIZED_RESOURCES_FOLDER_PATH}/FirebaseAuthUI.bundle",
				"${TARGET_BUILD_DIR}/${UNLOCALIZED_RESOURCES_FOLDER_PATH}/FirebaseGoogleAuthUI.bundle",
				"${TARGET_BUILD_DIR}/${UNLOCALIZED_RESOURCES_FOLDER_PATH}/GoogleSignIn.bundle",
			);
			runOnlyForDeploymentPostprocessing = 0;
			shellPath = /bin/sh;
			shellScript = "\"${SRCROOT}/Pods/Target Support Files/Pods-LearnLab/Pods-LearnLab-resources.sh\"\n";
			showEnvVarsInLog = 0;
		};
		6E957A3DFF8CF450BC1B4AAC /* [CP] Check Pods Manifest.lock */ = {
			isa = PBXShellScriptBuildPhase;
			buildActionMask = 2147483647;
			files = (
			);
			inputFileListPaths = (
			);
			inputPaths = (
				"${PODS_PODFILE_DIR_PATH}/Podfile.lock",
				"${PODS_ROOT}/Manifest.lock",
			);
			name = "[CP] Check Pods Manifest.lock";
			outputFileListPaths = (
			);
			outputPaths = (
				"$(DERIVED_FILE_DIR)/Pods-LearnLabTests-checkManifestLockResult.txt",
			);
			runOnlyForDeploymentPostprocessing = 0;
			shellPath = /bin/sh;
			shellScript = "diff \"${PODS_PODFILE_DIR_PATH}/Podfile.lock\" \"${PODS_ROOT}/Manifest.lock\" > /dev/null\nif [ $? != 0 ] ; then\n    # print error to STDERR\n    echo \"error: The sandbox is not in sync with the Podfile.lock. Run 'pod install' or update your CocoaPods installation.\" >&2\n    exit 1\nfi\n# This output is used by Xcode 'outputs' to avoid re-running this script phase.\necho \"SUCCESS\" > \"${SCRIPT_OUTPUT_FILE_0}\"\n";
			showEnvVarsInLog = 0;
		};
		7B73BBECEA70F1FA6CB2D997 /* [CP] Embed Pods Frameworks */ = {
			isa = PBXShellScriptBuildPhase;
			buildActionMask = 2147483647;
			files = (
			);
			inputFileListPaths = (
			);
			inputPaths = (
				"${SRCROOT}/Pods/Target Support Files/Pods-LearnLab/Pods-LearnLab-frameworks.sh",
				"${BUILT_PRODUCTS_DIR}/BoringSSL/openssl.framework",
				"${BUILT_PRODUCTS_DIR}/GTMOAuth2/GTMOAuth2.framework",
				"${BUILT_PRODUCTS_DIR}/GTMSessionFetcher/GTMSessionFetcher.framework",
				"${BUILT_PRODUCTS_DIR}/GoogleToolboxForMac/GoogleToolboxForMac.framework",
				"${BUILT_PRODUCTS_DIR}/GoogleUtilities/GoogleUtilities.framework",
				"${BUILT_PRODUCTS_DIR}/MessageInputBar/MessageInputBar.framework",
				"${BUILT_PRODUCTS_DIR}/MessageKit/MessageKit.framework",
				"${BUILT_PRODUCTS_DIR}/Protobuf/Protobuf.framework",
				"${BUILT_PRODUCTS_DIR}/Stripe/Stripe.framework",
				"${BUILT_PRODUCTS_DIR}/gRPC/GRPCClient.framework",
				"${BUILT_PRODUCTS_DIR}/gRPC-C++/grpcpp.framework",
				"${BUILT_PRODUCTS_DIR}/gRPC-Core/grpc.framework",
				"${BUILT_PRODUCTS_DIR}/gRPC-ProtoRPC/ProtoRPC.framework",
				"${BUILT_PRODUCTS_DIR}/gRPC-RxLibrary/RxLibrary.framework",
				"${BUILT_PRODUCTS_DIR}/leveldb-library/leveldb.framework",
				"${BUILT_PRODUCTS_DIR}/nanopb/nanopb.framework",
			);
			name = "[CP] Embed Pods Frameworks";
			outputFileListPaths = (
			);
			outputPaths = (
				"${TARGET_BUILD_DIR}/${FRAMEWORKS_FOLDER_PATH}/openssl.framework",
				"${TARGET_BUILD_DIR}/${FRAMEWORKS_FOLDER_PATH}/GTMOAuth2.framework",
				"${TARGET_BUILD_DIR}/${FRAMEWORKS_FOLDER_PATH}/GTMSessionFetcher.framework",
				"${TARGET_BUILD_DIR}/${FRAMEWORKS_FOLDER_PATH}/GoogleToolboxForMac.framework",
				"${TARGET_BUILD_DIR}/${FRAMEWORKS_FOLDER_PATH}/GoogleUtilities.framework",
				"${TARGET_BUILD_DIR}/${FRAMEWORKS_FOLDER_PATH}/MessageInputBar.framework",
				"${TARGET_BUILD_DIR}/${FRAMEWORKS_FOLDER_PATH}/MessageKit.framework",
				"${TARGET_BUILD_DIR}/${FRAMEWORKS_FOLDER_PATH}/Protobuf.framework",
				"${TARGET_BUILD_DIR}/${FRAMEWORKS_FOLDER_PATH}/Stripe.framework",
				"${TARGET_BUILD_DIR}/${FRAMEWORKS_FOLDER_PATH}/GRPCClient.framework",
				"${TARGET_BUILD_DIR}/${FRAMEWORKS_FOLDER_PATH}/grpcpp.framework",
				"${TARGET_BUILD_DIR}/${FRAMEWORKS_FOLDER_PATH}/grpc.framework",
				"${TARGET_BUILD_DIR}/${FRAMEWORKS_FOLDER_PATH}/ProtoRPC.framework",
				"${TARGET_BUILD_DIR}/${FRAMEWORKS_FOLDER_PATH}/RxLibrary.framework",
				"${TARGET_BUILD_DIR}/${FRAMEWORKS_FOLDER_PATH}/leveldb.framework",
				"${TARGET_BUILD_DIR}/${FRAMEWORKS_FOLDER_PATH}/nanopb.framework",
			);
			runOnlyForDeploymentPostprocessing = 0;
			shellPath = /bin/sh;
			shellScript = "\"${SRCROOT}/Pods/Target Support Files/Pods-LearnLab/Pods-LearnLab-frameworks.sh\"\n";
			showEnvVarsInLog = 0;
		};
		8577C8D4F89E6490BC1B8FC9 /* [CP] Check Pods Manifest.lock */ = {
			isa = PBXShellScriptBuildPhase;
			buildActionMask = 2147483647;
			files = (
			);
			inputFileListPaths = (
			);
			inputPaths = (
				"${PODS_PODFILE_DIR_PATH}/Podfile.lock",
				"${PODS_ROOT}/Manifest.lock",
			);
			name = "[CP] Check Pods Manifest.lock";
			outputFileListPaths = (
			);
			outputPaths = (
				"$(DERIVED_FILE_DIR)/Pods-LearnLabUITests-checkManifestLockResult.txt",
			);
			runOnlyForDeploymentPostprocessing = 0;
			shellPath = /bin/sh;
			shellScript = "diff \"${PODS_PODFILE_DIR_PATH}/Podfile.lock\" \"${PODS_ROOT}/Manifest.lock\" > /dev/null\nif [ $? != 0 ] ; then\n    # print error to STDERR\n    echo \"error: The sandbox is not in sync with the Podfile.lock. Run 'pod install' or update your CocoaPods installation.\" >&2\n    exit 1\nfi\n# This output is used by Xcode 'outputs' to avoid re-running this script phase.\necho \"SUCCESS\" > \"${SCRIPT_OUTPUT_FILE_0}\"\n";
			showEnvVarsInLog = 0;
		};
/* End PBXShellScriptBuildPhase section */

/* Begin PBXSourcesBuildPhase section */
		35D2995222855346005DF851 /* Sources */ = {
			isa = PBXSourcesBuildPhase;
			buildActionMask = 2147483647;
			files = (
				35B597CD22A48B6A00730535 /* Course.swift in Sources */,
				35B597D122AA22DA00730535 /* Session.swift in Sources */,
				35900FAA22893FF500D796D3 /* Tutors.swift in Sources */,
				3560D8532288907F003C12E0 /* tab1.swift in Sources */,
				35C1C79F228BB7EE0060AAA3 /* Message.swift in Sources */,
				3560D84A22868EC3003C12E0 /* ViewController.swift in Sources */,
				35B597CF22A4F2CB00730535 /* ChatMessageCell.swift in Sources */,
				35900FB02289405500D796D3 /* Profile.swift in Sources */,
				3560D8572288943D003C12E0 /* LoginVC.swift in Sources */,
				35B33D20229CA5AC00B207F4 /* LoadingIndicator.swift in Sources */,
				357D9ACF22AC316C005C4220 /* TutorInfoVC.swift in Sources */,
				3560D85522889089003C12E0 /* tab2.swift in Sources */,
				35900FB4228940AC00D796D3 /* SearchVC.swift in Sources */,
				35900FB22289409000D796D3 /* MessagesVC.swift in Sources */,
				35900FAC2289401B00D796D3 /* tab3.swift in Sources */,
				3560D85B22890C24003C12E0 /* InfoVC.swift in Sources */,
				357D9ACD22AC2F9D005C4220 /* tutorCellClass.swift in Sources */,
				35D2996222855346005DF851 /* LearnLab.xcdatamodeld in Sources */,
				357D4138228E6CB700EEEFE6 /* LoginHandlers.swift in Sources */,
				357D9AD122ACA57E005C4220 /* TutorsVC.swift in Sources */,
				35B597C922A22F4D00730535 /* RegisterTutorVC.swift in Sources */,
				35900FAE2289402200D796D3 /* tab4.swift in Sources */,
				353AD7F6229515B70063596E /* Extensions.swift in Sources */,
				35B597CB22A4577E00730535 /* NewChatVC.swift in Sources */,
				353AD7F822952D420063596E /* ChatLogVC.swift in Sources */,
				35C1C7A1228E24390060AAA3 /* User.swift in Sources */,
				3560D8592289030C003C12E0 /* SettingsVC.swift in Sources */,
				3560D85122888AF1003C12E0 /* MainTabController.swift in Sources */,
				35D2995A22855346005DF851 /* AppDelegate.swift in Sources */,
				357D9AD722ACBC15005C4220 /* TutorInfoCell.swift in Sources */,
				35BA1DC82299B79C00F0ADE3 /* ProfileVC.swift in Sources */,
				35B597C7229F8E2000730535 /* EditProfileVC.swift in Sources */,
				353AD7FA229797EA0063596E /* userCellClass.swift in Sources */,
			);
			runOnlyForDeploymentPostprocessing = 0;
		};
		35D2996922855348005DF851 /* Sources */ = {
			isa = PBXSourcesBuildPhase;
			buildActionMask = 2147483647;
			files = (
				35D2997222855348005DF851 /* LearnLabTests.swift in Sources */,
			);
			runOnlyForDeploymentPostprocessing = 0;
		};
		35D2997422855348005DF851 /* Sources */ = {
			isa = PBXSourcesBuildPhase;
			buildActionMask = 2147483647;
			files = (
				35D2997D22855348005DF851 /* LearnLabUITests.swift in Sources */,
			);
			runOnlyForDeploymentPostprocessing = 0;
		};
/* End PBXSourcesBuildPhase section */

/* Begin PBXTargetDependency section */
		35D2996F22855348005DF851 /* PBXTargetDependency */ = {
			isa = PBXTargetDependency;
			target = 35D2995522855346005DF851 /* LearnLab */;
			targetProxy = 35D2996E22855348005DF851 /* PBXContainerItemProxy */;
		};
		35D2997A22855348005DF851 /* PBXTargetDependency */ = {
			isa = PBXTargetDependency;
			target = 35D2995522855346005DF851 /* LearnLab */;
			targetProxy = 35D2997922855348005DF851 /* PBXContainerItemProxy */;
		};
/* End PBXTargetDependency section */

/* Begin PBXVariantGroup section */
		35D2996522855348005DF851 /* LaunchScreen.storyboard */ = {
			isa = PBXVariantGroup;
			children = (
				35D2996622855348005DF851 /* Base */,
			);
			name = LaunchScreen.storyboard;
			sourceTree = "<group>";
		};
/* End PBXVariantGroup section */

/* Begin XCBuildConfiguration section */
		35D2997F22855348005DF851 /* Debug */ = {
			isa = XCBuildConfiguration;
			buildSettings = {
				ALWAYS_SEARCH_USER_PATHS = NO;
				CLANG_ANALYZER_NONNULL = YES;
				CLANG_ANALYZER_NUMBER_OBJECT_CONVERSION = YES_AGGRESSIVE;
				CLANG_CXX_LANGUAGE_STANDARD = "gnu++14";
				CLANG_CXX_LIBRARY = "libc++";
				CLANG_ENABLE_MODULES = YES;
				CLANG_ENABLE_OBJC_ARC = YES;
				CLANG_ENABLE_OBJC_WEAK = YES;
				CLANG_WARN_BLOCK_CAPTURE_AUTORELEASING = YES;
				CLANG_WARN_BOOL_CONVERSION = YES;
				CLANG_WARN_COMMA = YES;
				CLANG_WARN_CONSTANT_CONVERSION = YES;
				CLANG_WARN_DEPRECATED_OBJC_IMPLEMENTATIONS = YES;
				CLANG_WARN_DIRECT_OBJC_ISA_USAGE = YES_ERROR;
				CLANG_WARN_DOCUMENTATION_COMMENTS = YES;
				CLANG_WARN_EMPTY_BODY = YES;
				CLANG_WARN_ENUM_CONVERSION = YES;
				CLANG_WARN_INFINITE_RECURSION = YES;
				CLANG_WARN_INT_CONVERSION = YES;
				CLANG_WARN_NON_LITERAL_NULL_CONVERSION = YES;
				CLANG_WARN_OBJC_IMPLICIT_RETAIN_SELF = YES;
				CLANG_WARN_OBJC_LITERAL_CONVERSION = YES;
				CLANG_WARN_OBJC_ROOT_CLASS = YES_ERROR;
				CLANG_WARN_RANGE_LOOP_ANALYSIS = YES;
				CLANG_WARN_STRICT_PROTOTYPES = YES;
				CLANG_WARN_SUSPICIOUS_MOVE = YES;
				CLANG_WARN_UNGUARDED_AVAILABILITY = YES_AGGRESSIVE;
				CLANG_WARN_UNREACHABLE_CODE = YES;
				CLANG_WARN__DUPLICATE_METHOD_MATCH = YES;
				CODE_SIGN_IDENTITY = "iPhone Developer";
				COPY_PHASE_STRIP = NO;
				DEBUG_INFORMATION_FORMAT = dwarf;
				ENABLE_STRICT_OBJC_MSGSEND = YES;
				ENABLE_TESTABILITY = YES;
				GCC_C_LANGUAGE_STANDARD = gnu11;
				GCC_DYNAMIC_NO_PIC = NO;
				GCC_NO_COMMON_BLOCKS = YES;
				GCC_OPTIMIZATION_LEVEL = 0;
				GCC_PREPROCESSOR_DEFINITIONS = (
					"DEBUG=1",
					"$(inherited)",
				);
				GCC_WARN_64_TO_32_BIT_CONVERSION = YES;
				GCC_WARN_ABOUT_RETURN_TYPE = YES_ERROR;
				GCC_WARN_UNDECLARED_SELECTOR = YES;
				GCC_WARN_UNINITIALIZED_AUTOS = YES_AGGRESSIVE;
				GCC_WARN_UNUSED_FUNCTION = YES;
				GCC_WARN_UNUSED_VARIABLE = YES;
				IPHONEOS_DEPLOYMENT_TARGET = 12.1;
				MTL_ENABLE_DEBUG_INFO = INCLUDE_SOURCE;
				MTL_FAST_MATH = YES;
				ONLY_ACTIVE_ARCH = YES;
				SDKROOT = iphoneos;
				SWIFT_ACTIVE_COMPILATION_CONDITIONS = DEBUG;
				SWIFT_OPTIMIZATION_LEVEL = "-Onone";
			};
			name = Debug;
		};
		35D2998022855348005DF851 /* Release */ = {
			isa = XCBuildConfiguration;
			buildSettings = {
				ALWAYS_SEARCH_USER_PATHS = NO;
				CLANG_ANALYZER_NONNULL = YES;
				CLANG_ANALYZER_NUMBER_OBJECT_CONVERSION = YES_AGGRESSIVE;
				CLANG_CXX_LANGUAGE_STANDARD = "gnu++14";
				CLANG_CXX_LIBRARY = "libc++";
				CLANG_ENABLE_MODULES = YES;
				CLANG_ENABLE_OBJC_ARC = YES;
				CLANG_ENABLE_OBJC_WEAK = YES;
				CLANG_WARN_BLOCK_CAPTURE_AUTORELEASING = YES;
				CLANG_WARN_BOOL_CONVERSION = YES;
				CLANG_WARN_COMMA = YES;
				CLANG_WARN_CONSTANT_CONVERSION = YES;
				CLANG_WARN_DEPRECATED_OBJC_IMPLEMENTATIONS = YES;
				CLANG_WARN_DIRECT_OBJC_ISA_USAGE = YES_ERROR;
				CLANG_WARN_DOCUMENTATION_COMMENTS = YES;
				CLANG_WARN_EMPTY_BODY = YES;
				CLANG_WARN_ENUM_CONVERSION = YES;
				CLANG_WARN_INFINITE_RECURSION = YES;
				CLANG_WARN_INT_CONVERSION = YES;
				CLANG_WARN_NON_LITERAL_NULL_CONVERSION = YES;
				CLANG_WARN_OBJC_IMPLICIT_RETAIN_SELF = YES;
				CLANG_WARN_OBJC_LITERAL_CONVERSION = YES;
				CLANG_WARN_OBJC_ROOT_CLASS = YES_ERROR;
				CLANG_WARN_RANGE_LOOP_ANALYSIS = YES;
				CLANG_WARN_STRICT_PROTOTYPES = YES;
				CLANG_WARN_SUSPICIOUS_MOVE = YES;
				CLANG_WARN_UNGUARDED_AVAILABILITY = YES_AGGRESSIVE;
				CLANG_WARN_UNREACHABLE_CODE = YES;
				CLANG_WARN__DUPLICATE_METHOD_MATCH = YES;
				CODE_SIGN_IDENTITY = "iPhone Developer";
				COPY_PHASE_STRIP = NO;
				DEBUG_INFORMATION_FORMAT = "dwarf-with-dsym";
				ENABLE_NS_ASSERTIONS = NO;
				ENABLE_STRICT_OBJC_MSGSEND = YES;
				GCC_C_LANGUAGE_STANDARD = gnu11;
				GCC_NO_COMMON_BLOCKS = YES;
				GCC_WARN_64_TO_32_BIT_CONVERSION = YES;
				GCC_WARN_ABOUT_RETURN_TYPE = YES_ERROR;
				GCC_WARN_UNDECLARED_SELECTOR = YES;
				GCC_WARN_UNINITIALIZED_AUTOS = YES_AGGRESSIVE;
				GCC_WARN_UNUSED_FUNCTION = YES;
				GCC_WARN_UNUSED_VARIABLE = YES;
				IPHONEOS_DEPLOYMENT_TARGET = 12.1;
				MTL_ENABLE_DEBUG_INFO = NO;
				MTL_FAST_MATH = YES;
				SDKROOT = iphoneos;
				SWIFT_COMPILATION_MODE = wholemodule;
				SWIFT_OPTIMIZATION_LEVEL = "-O";
				VALIDATE_PRODUCT = YES;
			};
			name = Release;
		};
		35D2998222855348005DF851 /* Debug */ = {
			isa = XCBuildConfiguration;
			baseConfigurationReference = 0AE6AF16688589330F827671 /* Pods-LearnLab.debug.xcconfig */;
			buildSettings = {
				ASSETCATALOG_COMPILER_APPICON_NAME = AppIcon;
				CODE_SIGN_STYLE = Automatic;
				DEVELOPMENT_TEAM = 4MEVZCD4E9;
				INFOPLIST_FILE = LearnLab/Info.plist;
				LD_RUNPATH_SEARCH_PATHS = (
					"$(inherited)",
					"@executable_path/Frameworks",
				);
				PRODUCT_BUNDLE_IDENTIFIER = com.kucheria.LearnLab;
				PRODUCT_NAME = "$(TARGET_NAME)";
				SWIFT_VERSION = 4.2;
				TARGETED_DEVICE_FAMILY = "1,2";
			};
			name = Debug;
		};
		35D2998322855348005DF851 /* Release */ = {
			isa = XCBuildConfiguration;
			baseConfigurationReference = 639ABDF1604B21E6C1B3DB73 /* Pods-LearnLab.release.xcconfig */;
			buildSettings = {
				ASSETCATALOG_COMPILER_APPICON_NAME = AppIcon;
				CODE_SIGN_STYLE = Automatic;
				DEVELOPMENT_TEAM = 4MEVZCD4E9;
				INFOPLIST_FILE = LearnLab/Info.plist;
				LD_RUNPATH_SEARCH_PATHS = (
					"$(inherited)",
					"@executable_path/Frameworks",
				);
				PRODUCT_BUNDLE_IDENTIFIER = com.kucheria.LearnLab;
				PRODUCT_NAME = "$(TARGET_NAME)";
				SWIFT_VERSION = 4.2;
				TARGETED_DEVICE_FAMILY = "1,2";
			};
			name = Release;
		};
		35D2998522855348005DF851 /* Debug */ = {
			isa = XCBuildConfiguration;
			baseConfigurationReference = 5E1D4472DAB617BDB34F7682 /* Pods-LearnLabTests.debug.xcconfig */;
			buildSettings = {
				ALWAYS_EMBED_SWIFT_STANDARD_LIBRARIES = YES;
				BUNDLE_LOADER = "$(TEST_HOST)";
				CODE_SIGN_STYLE = Automatic;
				DEVELOPMENT_TEAM = 4MEVZCD4E9;
				INFOPLIST_FILE = LearnLabTests/Info.plist;
				LD_RUNPATH_SEARCH_PATHS = (
					"$(inherited)",
					"@executable_path/Frameworks",
					"@loader_path/Frameworks",
				);
				PRODUCT_BUNDLE_IDENTIFIER = com.kucheria.LearnLabTests;
				PRODUCT_NAME = "$(TARGET_NAME)";
				SWIFT_VERSION = 4.2;
				TARGETED_DEVICE_FAMILY = "1,2";
				TEST_HOST = "$(BUILT_PRODUCTS_DIR)/LearnLab.app/LearnLab";
			};
			name = Debug;
		};
		35D2998622855348005DF851 /* Release */ = {
			isa = XCBuildConfiguration;
			baseConfigurationReference = BBE02C2A4647050CECDDE06B /* Pods-LearnLabTests.release.xcconfig */;
			buildSettings = {
				ALWAYS_EMBED_SWIFT_STANDARD_LIBRARIES = YES;
				BUNDLE_LOADER = "$(TEST_HOST)";
				CODE_SIGN_STYLE = Automatic;
				DEVELOPMENT_TEAM = 4MEVZCD4E9;
				INFOPLIST_FILE = LearnLabTests/Info.plist;
				LD_RUNPATH_SEARCH_PATHS = (
					"$(inherited)",
					"@executable_path/Frameworks",
					"@loader_path/Frameworks",
				);
				PRODUCT_BUNDLE_IDENTIFIER = com.kucheria.LearnLabTests;
				PRODUCT_NAME = "$(TARGET_NAME)";
				SWIFT_VERSION = 4.2;
				TARGETED_DEVICE_FAMILY = "1,2";
				TEST_HOST = "$(BUILT_PRODUCTS_DIR)/LearnLab.app/LearnLab";
			};
			name = Release;
		};
		35D2998822855348005DF851 /* Debug */ = {
			isa = XCBuildConfiguration;
			baseConfigurationReference = 5769EABF3F2D194BC90FFF71 /* Pods-LearnLabUITests.debug.xcconfig */;
			buildSettings = {
				ALWAYS_EMBED_SWIFT_STANDARD_LIBRARIES = YES;
				CODE_SIGN_STYLE = Automatic;
				DEVELOPMENT_TEAM = 4MEVZCD4E9;
				INFOPLIST_FILE = LearnLabUITests/Info.plist;
				LD_RUNPATH_SEARCH_PATHS = (
					"$(inherited)",
					"@executable_path/Frameworks",
					"@loader_path/Frameworks",
				);
				PRODUCT_BUNDLE_IDENTIFIER = com.kucheria.LearnLabUITests;
				PRODUCT_NAME = "$(TARGET_NAME)";
				SWIFT_VERSION = 4.2;
				TARGETED_DEVICE_FAMILY = "1,2";
				TEST_TARGET_NAME = LearnLab;
			};
			name = Debug;
		};
		35D2998922855348005DF851 /* Release */ = {
			isa = XCBuildConfiguration;
			baseConfigurationReference = 5EC4C1CD0F404790041055F1 /* Pods-LearnLabUITests.release.xcconfig */;
			buildSettings = {
				ALWAYS_EMBED_SWIFT_STANDARD_LIBRARIES = YES;
				CODE_SIGN_STYLE = Automatic;
				DEVELOPMENT_TEAM = 4MEVZCD4E9;
				INFOPLIST_FILE = LearnLabUITests/Info.plist;
				LD_RUNPATH_SEARCH_PATHS = (
					"$(inherited)",
					"@executable_path/Frameworks",
					"@loader_path/Frameworks",
				);
				PRODUCT_BUNDLE_IDENTIFIER = com.kucheria.LearnLabUITests;
				PRODUCT_NAME = "$(TARGET_NAME)";
				SWIFT_VERSION = 4.2;
				TARGETED_DEVICE_FAMILY = "1,2";
				TEST_TARGET_NAME = LearnLab;
			};
			name = Release;
		};
/* End XCBuildConfiguration section */

/* Begin XCConfigurationList section */
		35D2995122855346005DF851 /* Build configuration list for PBXProject "LearnLab" */ = {
			isa = XCConfigurationList;
			buildConfigurations = (
				35D2997F22855348005DF851 /* Debug */,
				35D2998022855348005DF851 /* Release */,
			);
			defaultConfigurationIsVisible = 0;
			defaultConfigurationName = Release;
		};
		35D2998122855348005DF851 /* Build configuration list for PBXNativeTarget "LearnLab" */ = {
			isa = XCConfigurationList;
			buildConfigurations = (
				35D2998222855348005DF851 /* Debug */,
				35D2998322855348005DF851 /* Release */,
			);
			defaultConfigurationIsVisible = 0;
			defaultConfigurationName = Release;
		};
		35D2998422855348005DF851 /* Build configuration list for PBXNativeTarget "LearnLabTests" */ = {
			isa = XCConfigurationList;
			buildConfigurations = (
				35D2998522855348005DF851 /* Debug */,
				35D2998622855348005DF851 /* Release */,
			);
			defaultConfigurationIsVisible = 0;
			defaultConfigurationName = Release;
		};
		35D2998722855348005DF851 /* Build configuration list for PBXNativeTarget "LearnLabUITests" */ = {
			isa = XCConfigurationList;
			buildConfigurations = (
				35D2998822855348005DF851 /* Debug */,
				35D2998922855348005DF851 /* Release */,
			);
			defaultConfigurationIsVisible = 0;
			defaultConfigurationName = Release;
		};
/* End XCConfigurationList section */

/* Begin XCVersionGroup section */
		35D2996022855346005DF851 /* LearnLab.xcdatamodeld */ = {
			isa = XCVersionGroup;
			children = (
				35D2996122855346005DF851 /* LearnLab.xcdatamodel */,
			);
			currentVersion = 35D2996122855346005DF851 /* LearnLab.xcdatamodel */;
			path = LearnLab.xcdatamodeld;
			sourceTree = "<group>";
			versionGroupType = wrapper.xcdatamodel;
		};
/* End XCVersionGroup section */
	};
	rootObject = 35D2994E22855346005DF851 /* Project object */;
}
